
Microsoft Visual Studio Solution File, Format Version 12.00
# Visual Studio 15
VisualStudioVersion = 15.0.28307.1433
MinimumVisualStudioVersion = 10.0.40219.1
Project("{159641D6-6404-4A2A-AE62-294DE0FE8301}") = "PISNeptuno", "PISNeptuno\PISNeptuno.dtproj", "{28213594-C8EE-419F-8D04-BA2B53C45BC4}"
EndProject
Global
	GlobalSection(SolutionConfigurationPlatforms) = preSolution
		Development|Default = Development|Default
	EndGlobalSection
	GlobalSection(ProjectConfigurationPlatforms) = postSolution
		{28213594-C8EE-419F-8D04-BA2B53C45BC4}.Development|Default.ActiveCfg = Development
		{28213594-C8EE-419F-8D04-BA2B53C45BC4}.Development|Default.Build.0 = Development
	EndGlobalSection
	GlobalSection(SolutionProperties) = preSolution
		HideSolutionNode = FALSE
	EndGlobalSection
	GlobalSection(ExtensibilityGlobals) = postSolution
		SolutionGuid = {976D46D4-3F12-46CB-B900-B7011A4DDE63}
	EndGlobalSection
EndGlobal
